// !$*UTF8*$!
{
	archiveVersion = 1;
	classes = {
	};
	objectVersion = 54;
	objects = {

/* Begin PBXBuildFile section */
		7A000001000000000000001 /* AppDelegate.m in Sources */ = {isa = PBXBuildFile; fileRef = 7A000002000000000000001 /* AppDelegate.m */; };
		7A000003000000000000001 /* main.m in Sources */ = {isa = PBXBuildFile; fileRef = 7A000004000000000000001 /* main.m */; };
		7A000005000000000000001 /* MarkdownEditorViewController.m in Sources */ = {isa = PBXBuildFile; fileRef = 7A000006000000000000001 /* MarkdownEditorViewController.m */; };
		7A000007000000000000001 /* Cocoa.framework in Frameworks */ = {isa = PBXBuildFile; fileRef = 7A000008000000000000001 /* Cocoa.framework */; };
		7A000009000000000000001 /* libeditor.a in Frameworks */ = {isa = PBXBuildFile; fileRef = 7A00000A000000000000001 /* libeditor.a */; };
		7A00000B000000000000001 /* librender_engine.a in Frameworks */ = {isa = PBXBuildFile; fileRef = 7A00000C000000000000001 /* librender_engine.a */; };
/* End PBXBuildFile section */

/* Begin PBXFileReference section */
		7A000001000000000000002 /* MarkdownEditorApp.app */ = {isa = PBXFileReference; explicitFileType = wrapper.application; includeInIndex = 0; path = MarkdownEditorApp.app; sourceTree = BUILT_PRODUCTS_DIR; };
		7A000002000000000000001 /* AppDelegate.m */ = {isa = PBXFileReference; lastKnownFileType = sourcecode.c.objc; path = AppDelegate.m; sourceTree = "<group>"; };
		7A000003000000000000001 /* AppDelegate.h */ = {isa = PBXFileReference; lastKnownFileType = sourcecode.c.h; path = AppDelegate.h; sourceTree = "<group>"; };
		7A000004000000000000001 /* main.m */ = {isa = PBXFileReference; lastKnownFileType = sourcecode.c.objc; path = main.m; sourceTree = "<group>"; };
		7A000005000000000000001 /* MarkdownEditorViewController.h */ = {isa = PBXFileReference; lastKnownFileType = sourcecode.c.h; path = MarkdownEditorViewController.h; sourceTree = "<group>"; };
		7A000006000000000000001 /* MarkdownEditorViewController.m */ = {isa = PBXFileReference; lastKnownFileType = sourcecode.c.objc; path = MarkdownEditorViewController.m; sourceTree = "<group>"; };
		7A000007000000000000001 /* Info.plist */ = {isa = PBXFileReference; lastKnownFileType = text.plist.xml; path = Info.plist; sourceTree = "<group>"; };
		7A000008000000000000001 /* Cocoa.framework */ = {isa = PBXFileReference; lastKnownFileType = wrapper.framework; name = Cocoa.framework; path = System/Library/Frameworks/Cocoa.framework; sourceTree = SDKROOT; };
		7A00000A000000000000001 /* libeditor.a */ = {isa = PBXFileReference; lastKnownFileType = archive.ar; name = libeditor.a; path = ../libeditor.a; sourceTree = "<group>"; };
		7A00000C000000000000001 /* librender_engine.a */ = {isa = PBXFileReference; lastKnownFileType = archive.ar; name = librender_engine.a; path = ../render_engine/librender_engine.a; sourceTree = "<group>"; };
/* End PBXFileReference section */

/* Begin PBXFrameworksBuildPhase section */
		7A000010000000000000001 /* Frameworks */ = {
			isa = PBXFrameworksBuildPhase;
			buildActionMask = 2147483647;
			files = (
				7A000007000000000000001 /* Cocoa.framework in Frameworks */,
				7A000009000000000000001 /* libeditor.a in Frameworks */,
				7A00000B000000000000001 /* librender_engine.a in Frameworks */,
			);
			runOnlyForDeploymentPostprocessing = 0;
		};
/* End PBXFrameworksBuildPhase section */

/* Begin PBXGroup section */
		7A000020000000000000001 = {
			isa = PBXGroup;
			children = (
				7A000021000000000000001 /* MarkdownEditorApp */,
				7A000022000000000000001 /* Frameworks */,
				7A000023000000000000001 /* Products */,
			);
			sourceTree = "<group>";
		};
		7A000021000000000000001 /* MarkdownEditorApp */ = {
			isa = PBXGroup;
			children = (
				7A000003000000000000001 /* AppDelegate.h */,
				7A000002000000000000001 /* AppDelegate.m */,
				7A000005000000000000001 /* MarkdownEditorViewController.h */,
				7A000006000000000000001 /* MarkdownEditorViewController.m */,
				7A000004000000000000001 /* main.m */,
				7A000007000000000000001 /* Info.plist */,
			);
			path = MarkdownEditorApp;
			sourceTree = "<group>";
		};
		7A000022000000000000001 /* Frameworks */ = {
			isa = PBXGroup;
			children = (
				7A000008000000000000001 /* Cocoa.framework */,
				7A00000A000000000000001 /* libeditor.a */,
				7A00000C000000000000001 /* librender_engine.a */,
			);
			name = Frameworks;
			sourceTree = "<group>";
		};
		7A000023000000000000001 /* Products */ = {
			isa = PBXGroup;
			children = (
				7A000001000000000000002 /* MarkdownEditorApp.app */,
			);
			name = Products;
			sourceTree = "<group>";
		};
/* End PBXGroup section */

/* Begin PBXNativeTarget section */
		7A000030000000000000001 /* MarkdownEditorApp */ = {
			isa = PBXNativeTarget;
			buildConfigurationList = 7A000031000000000000001 /* Build configuration list for PBXNativeTarget "MarkdownEditorApp" */;
			buildPhases = (
				7A000032000000000000001 /* Sources */,
				7A000010000000000000001 /* Frameworks */,
			);
			buildRules = (
			);
			dependencies = (
			);
			name = MarkdownEditorApp;
			productName = MarkdownEditorApp;
			productReference = 7A000001000000000000002 /* MarkdownEditorApp.app */;
			productType = "com.apple.product-type.application";
		};
/* End PBXNativeTarget section */

/* Begin PBXProject section */
		7A000040000000000000001 /* Project object */ = {
			isa = PBXProject;
			attributes = {
				LastUpgradeCheck = 1500;
				TargetAttributes = {
					7A000030000000000000001 = {
						CreatedOnToolsVersion = 15.0;
					};
				};
			};
			buildConfigurationList = 7A000041000000000000001 /* Build configuration list for PBXProject "MarkdownEditorApp" */;
			compatibilityVersion = "Xcode 12.0";
			developmentRegion = en;
			hasScannedForEncodings = 0;
			knownRegions = (
				en,
				Base,
			);
			mainGroup = 7A000020000000000000001;
			productRefGroup = 7A000023000000000000001 /* Products */;
			projectDirPath = "";
			projectRoot = "";
			targets = (
				7A000030000000000000001 /* MarkdownEditorApp */,
			);
		};
/* End PBXProject section */

/* Begin PBXSourcesBuildPhase section */
		7A000032000000000000001 /* Sources */ = {
			isa = PBXSourcesBuildPhase;
			buildActionMask = 2147483647;
			files = (
				7A000001000000000000001 /* AppDelegate.m in Sources */,
				7A000003000000000000001 /* main.m in Sources */,
				7A000005000000000000001 /* MarkdownEditorViewController.m in Sources */,
			);
			runOnlyForDeploymentPostprocessing = 0;
		};
/* End PBXSourcesBuildPhase section */

/* Begin XCBuildConfiguration section */
		7A000050000000000000001 /* Debug */ = {
			isa = XCBuildConfiguration;
			buildSettings = {
				ALWAYS_SEARCH_USER_PATHS = NO;
				CLANG_ANALYZER_NONNULL = YES;
				CLANG_ANALYZER_NUMBER_OBJECT_CONVERSION = YES_AGGRESSIVE;
				CLANG_CXX_LANGUAGE_STANDARD = "gnu++20";
				CLANG_ENABLE_MODULES = YES;
				CLANG_ENABLE_OBJC_ARC = YES;
				CLANG_ENABLE_OBJC_WEAK = YES;
				CLANG_WARN_BLOCK_CAPTURE_AUTORELEASING = YES;
				CLANG_WARN_BOOL_CONVERSION = YES;
				CLANG_WARN_COMMA = YES;
				CLANG_WARN_CONSTANT_CONVERSION = YES;
				CLANG_WARN_DEPRECATED_OBJC_IMPLEMENTATIONS = YES;
				CLANG_WARN_DIRECT_OBJC_ISA_USAGE = YES_ERROR;
				CLANG_WARN_DOCUMENTATION_COMMENTS = YES;
				CLANG_WARN_EMPTY_BODY = YES;
				CLANG_WARN_ENUM_CONVERSION = YES;
				CLANG_WARN_INFINITE_RECURSION = YES;
				CLANG_WARN_INT_CONVERSION = YES;
				CLANG_WARN_NON_LITERAL_NULL_CONVERSION = YES;
				CLANG_WARN_OBJC_IMPLICIT_RETAIN_SELF = YES;
				CLANG_WARN_OBJC_LITERAL_CONVERSION = YES;
				CLANG_WARN_OBJC_ROOT_CLASS = YES_ERROR;
				CLANG_WARN_QUOTED_INCLUDE_IN_FRAMEWORK_HEADER = YES;
				CLANG_WARN_RANGE_LOOP_ANALYSIS = YES;
				CLANG_WARN_STRICT_PROTOTYPES = YES;
				CLANG_WARN_SUSPICIOUS_MOVE = YES;
				CLANG_WARN_UNGUARDED_AVAILABILITY = YES_AGGRESSIVE;
				CLANG_WARN_UNREACHABLE_CODE = YES;
				CLANG_WARN__DUPLICATE_METHOD_MATCH = YES;
				COPY_PHASE_STRIP = NO;
				DEBUG_INFORMATION_FORMAT = dwarf;
				ENABLE_STRICT_OBJC_MSGSEND = YES;
				ENABLE_TESTABILITY = YES;
				GCC_C_LANGUAGE_STANDARD = gnu11;
				GCC_DYNAMIC_NO_PIC = NO;
				GCC_NO_COMMON_BLOCKS = YES;
				GCC_OPTIMIZATION_LEVEL = 0;
				GCC_PREPROCESSOR_DEFINITIONS = (
					"DEBUG=1",
					"$(inherited)",
				);
				GCC_WARN_64_TO_32_BIT_CONVERSION = YES;
				GCC_WARN_ABOUT_RETURN_TYPE = YES_ERROR;
				GCC_WARN_UNDECLARED_SELECTOR = YES;
				GCC_WARN_UNINITIALIZED_AUTOS = YES_AGGRESSIVE;
				GCC_WARN_UNUSED_FUNCTION = YES;
				GCC_WARN_UNUSED_VARIABLE = YES;
				MACOSX_DEPLOYMENT_TARGET = 13.0;
				MTL_ENABLE_DEBUG_INFO = INCLUDE_SOURCE;
				MTL_FAST_MATH = YES;
				ONLY_ACTIVE_ARCH = YES;
				SDKROOT = macosx;
				HEADER_SEARCH_PATHS = (
					"../editor",
					"../markdown",
					"../render_engine",
				);
				LIBRARY_SEARCH_PATHS = (
					"$(inherited)",
					"../",
					"../render_engine",
				);
			};
			name = Debug;
		};
		7A000051000000000000001 /* Release */ = {
			isa = XCBuildConfiguration;
			buildSettings = {
				ALWAYS_SEARCH_USER_PATHS = NO;
				CLANG_ANALYZER_NONNULL = YES;
				CLANG_ANALYZER_NUMBER_OBJECT_CONVERSION = YES_AGGRESSIVE;
				CLANG_CXX_LANGUAGE_STANDARD = "gnu++20";
				CLANG_ENABLE_MODULES = YES;
				CLANG_ENABLE_OBJC_ARC = YES;
				CLANG_ENABLE_OBJC_WEAK = YES;
				CLANG_WARN_BLOCK_CAPTURE_AUTORELEASING = YES;
				CLANG_WARN_BOOL_CONVERSION = YES;
				CLANG_WARN_COMMA = YES;
				CLANG_WARN_CONSTANT_CONVERSION = YES;
				CLANG_WARN_DEPRECATED_OBJC_IMPLEMENTATIONS = YES;
				CLANG_WARN_DIRECT_OBJC_ISA_USAGE = YES_ERROR;
				CLANG_WARN_DOCUMENTATION_COMMENTS = YES;
				CLANG_WARN_EMPTY_BODY = YES;
				CLANG_WARN_ENUM_CONVERSION = YES;
				CLANG_WARN_INFINITE_RECURSION = YES;
				CLANG_WARN_INT_CONVERSION = YES;
				CLANG_WARN_NON_LITERAL_NULL_CONVERSION = YES;
				CLANG_WARN_OBJC_IMPLICIT_RETAIN_SELF = YES;
				CLANG_WARN_OBJC_LITERAL_CONVERSION = YES;
				CLANG_WARN_OBJC_ROOT_CLASS = YES_ERROR;
				CLANG_WARN_QUOTED_INCLUDE_IN_FRAMEWORK_HEADER = YES;
				CLANG_WARN_RANGE_LOOP_ANALYSIS = YES;
				CLANG_WARN_STRICT_PROTOTYPES = YES;
				CLANG_WARN_SUSPICIOUS_MOVE = YES;
				CLANG_WARN_UNGUARDED_AVAILABILITY = YES_AGGRESSIVE;
				CLANG_WARN_UNREACHABLE_CODE = YES;
				CLANG_WARN__DUPLICATE_METHOD_MATCH = YES;
				COPY_PHASE_STRIP = NO;
				DEBUG_INFORMATION_FORMAT = "dwarf-with-dsym";
				ENABLE_NS_ASSERTIONS = NO;
				ENABLE_STRICT_OBJC_MSGSEND = YES;
				GCC_C_LANGUAGE_STANDARD = gnu11;
				GCC_NO_COMMON_BLOCKS = YES;
				GCC_WARN_64_TO_32_BIT_CONVERSION = YES;
				GCC_WARN_ABOUT_RETURN_TYPE = YES_ERROR;
				GCC_WARN_UNDECLARED_SELECTOR = YES;
				GCC_WARN_UNINITIALIZED_AUTOS = YES_AGGRESSIVE;
				GCC_WARN_UNUSED_FUNCTION = YES;
				GCC_WARN_UNUSED_VARIABLE = YES;
				MACOSX_DEPLOYMENT_TARGET = 13.0;
				MTL_ENABLE_DEBUG_INFO = NO;
				MTL_FAST_MATH = YES;
				SDKROOT = macosx;
				HEADER_SEARCH_PATHS = (
					"../editor",
					"../markdown",
					"../render_engine",
				);
				LIBRARY_SEARCH_PATHS = (
					"$(inherited)",
					"../",
					"../render_engine",
				);
			};
			name = Release;
		};
		7A000052000000000000001 /* Debug */ = {
			isa = XCBuildConfiguration;
			buildSettings = {
				ASSETCATALOG_COMPILER_APPICON_NAME = AppIcon;
				COMBINE_HIDPI_IMAGES = YES;
				INFOPLIST_FILE = MarkdownEditorApp/Info.plist;
				LD_RUNPATH_SEARCH_PATHS = (
					"$(inherited)",
					"@executable_path/../Frameworks",
				);
				PRODUCT_BUNDLE_IDENTIFIER = "com.yourcompany.MarkdownEditorApp";
				PRODUCT_NAME = "$(TARGET_NAME)";
			};
			name = Debug;
		};
		7A000053000000000000001 /* Release */ = {
			isa = XCBuildConfiguration;
			buildSettings = {
				ASSETCATALOG_COMPILER_APPICON_NAME = AppIcon;
				COMBINE_HIDPI_IMAGES = YES;
				INFOPLIST_FILE = MarkdownEditorApp/Info.plist;
				LD_RUNPATH_SEARCH_PATHS = (
					"$(inherited)",
					"@executable_path/../Frameworks",
				);
				PRODUCT_BUNDLE_IDENTIFIER = "com.yourcompany.MarkdownEditorApp";
				PRODUCT_NAME = "$(TARGET_NAME)";
			};
			name = Release;
		};
/* End XCBuildConfiguration section */

/* Begin XCConfigurationList section */
		7A000031000000000000001 /* Build configuration list for PBXNativeTarget "MarkdownEditorApp" */ = {
			isa = XCConfigurationList;
			buildConfigurations = (
				7A000052000000000000001 /* Debug */,
				7A000053000000000000001 /* Release */,
			);
			defaultConfigurationIsVisible = 0;
			defaultConfigurationName = Release;
		};
		7A000041000000000000001 /* Build configuration list for PBXProject "MarkdownEditorApp" */ = {
			isa = XCConfigurationList;
			buildConfigurations = (
				7A000050000000000000001 /* Debug */,
				7A000051000000000000001 /* Release */,
			);
			defaultConfigurationIsVisible = 0;
			defaultConfigurationName = Release;
		};
/* End XCConfigurationList section */
	};
	rootObject = 7A000040000000000000001 /* Project object */;
}